
Microsoft Visual Studio Solution File, Format Version 12.00
# Visual Studio Version 16
VisualStudioVersion = 16.0.30406.217
MinimumVisualStudioVersion = 10.0.40219.1
Project("{9A19103F-16F7-4668-BE54-9A1E7A4F7556}") = "SmartBadgeTests", "SmartBadgeTests\SmartBadgeTests.csproj", "{9EBECC42-8104-4999-896B-5344CA57D961}"
EndProject
Project("{2150E333-8FDC-42A3-9474-1A3956D46DE8}") = "Solution Items", "Solution Items", "{8F6569B9-CBDC-43EB-986A-6D8BB4E1C443}"
	ProjectSection(SolutionItems) = preProject
		..\Models.jpg = ..\Models.jpg
		..\Module.jpg = ..\Module.jpg
		..\MQTT.jpg = ..\MQTT.jpg
		..\README.md = ..\README.md
	EndProjectSection
EndProject
Project("{FAE04EC0-301F-11D3-BF4B-00C04F79EFBC}") = "SmartBadge.Statistics", "SmartBadge.Statistics\SmartBadge.Statistics.csproj", "{71AF0B63-6284-4E63-BEDB-AC7F7F7C4418}"
EndProject
Global
	GlobalSection(SolutionConfigurationPlatforms) = preSolution
		Debug|Any CPU = Debug|Any CPU
		Release|Any CPU = Release|Any CPU
	EndGlobalSection
	GlobalSection(ProjectConfigurationPlatforms) = postSolution
		{9EBECC42-8104-4999-896B-5344CA57D961}.Debug|Any CPU.ActiveCfg = Debug|Any CPU
		{9EBECC42-8104-4999-896B-5344CA57D961}.Debug|Any CPU.Build.0 = Debug|Any CPU
		{9EBECC42-8104-4999-896B-5344CA57D961}.Release|Any CPU.ActiveCfg = Release|Any CPU
		{9EBECC42-8104-4999-896B-5344CA57D961}.Release|Any CPU.Build.0 = Release|Any CPU
		{71AF0B63-6284-4E63-BEDB-AC7F7F7C4418}.Debug|Any CPU.ActiveCfg = Debug|Any CPU
		{71AF0B63-6284-4E63-BEDB-AC7F7F7C4418}.Debug|Any CPU.Build.0 = Debug|Any CPU
		{71AF0B63-6284-4E63-BEDB-AC7F7F7C4418}.Release|Any CPU.ActiveCfg = Release|Any CPU
		{71AF0B63-6284-4E63-BEDB-AC7F7F7C4418}.Release|Any CPU.Build.0 = Release|Any CPU
	EndGlobalSection
	GlobalSection(SolutionProperties) = preSolution
		HideSolutionNode = FALSE
	EndGlobalSection
	GlobalSection(ExtensibilityGlobals) = postSolution
		SolutionGuid = {36DE6279-9C7B-430A-9477-9A043C9B67FC}
	EndGlobalSection
EndGlobal
